
Microsoft Visual Studio Solution File, Format Version 12.00
# Visual Studio 15
VisualStudioVersion = 15.0.27130.2020
MinimumVisualStudioVersion = 10.0.40219.1
Project("{2150E333-8FDC-42A3-9474-1A3956D46DE8}") = "Tests", "Tests", "{48BDC503-42F4-41ED-A5A2-21ECA6FFC8F7}"
EndProject
Project("{2150E333-8FDC-42A3-9474-1A3956D46DE8}") = "Externals", "Externals", "{1A3E21E6-A769-4A30-B237-913F70008BD1}"
EndProject
Project("{2150E333-8FDC-42A3-9474-1A3956D46DE8}") = "Libraries", "Libraries", "{AD0181EA-A8E8-4C92-B2E0-D10D1D31D6C9}"
EndProject
Project("{9A19103F-16F7-4668-BE54-9A1E7A4F7556}") = "RDK.Core", "RDK.Core\RDK.Core.csproj", "{66962B63-4E99-4397-A212-3211F0D4182B}"
EndProject
Project("{FAE04EC0-301F-11D3-BF4B-00C04F79EFBC}") = "RDK.Win", "RDK.Win\RDK.Win.csproj", "{A063AB76-548D-4DC4-A046-9D4345594C1D}"
EndProject
Project("{2150E333-8FDC-42A3-9474-1A3956D46DE8}") = "Samples", "Samples", "{2C728ABF-CAB8-4D53-A1AF-BD445184F8BB}"
EndProject
Project("{FAE04EC0-301F-11D3-BF4B-00C04F79EFBC}") = "Launcher", "Samples\Launcher\Launcher.csproj", "{AF02B6FD-C46F-465B-9948-5619E0D6EEA8}"
EndProject
Global
	GlobalSection(SolutionConfigurationPlatforms) = preSolution
		Debug|Any CPU = Debug|Any CPU
		Release|Any CPU = Release|Any CPU
		Unity|Any CPU = Unity|Any CPU
	EndGlobalSection
	GlobalSection(ProjectConfigurationPlatforms) = postSolution
		{66962B63-4E99-4397-A212-3211F0D4182B}.Debug|Any CPU.ActiveCfg = Debug|Any CPU
		{66962B63-4E99-4397-A212-3211F0D4182B}.Debug|Any CPU.Build.0 = Debug|Any CPU
		{66962B63-4E99-4397-A212-3211F0D4182B}.Release|Any CPU.ActiveCfg = Release|Any CPU
		{66962B63-4E99-4397-A212-3211F0D4182B}.Release|Any CPU.Build.0 = Release|Any CPU
		{66962B63-4E99-4397-A212-3211F0D4182B}.Unity|Any CPU.ActiveCfg = Debug|Any CPU
		{66962B63-4E99-4397-A212-3211F0D4182B}.Unity|Any CPU.Build.0 = Debug|Any CPU
		{A063AB76-548D-4DC4-A046-9D4345594C1D}.Debug|Any CPU.ActiveCfg = Debug|Any CPU
		{A063AB76-548D-4DC4-A046-9D4345594C1D}.Debug|Any CPU.Build.0 = Debug|Any CPU
		{A063AB76-548D-4DC4-A046-9D4345594C1D}.Release|Any CPU.ActiveCfg = Release|Any CPU
		{A063AB76-548D-4DC4-A046-9D4345594C1D}.Release|Any CPU.Build.0 = Release|Any CPU
		{A063AB76-548D-4DC4-A046-9D4345594C1D}.Unity|Any CPU.ActiveCfg = Release|Any CPU
		{A063AB76-548D-4DC4-A046-9D4345594C1D}.Unity|Any CPU.Build.0 = Release|Any CPU
		{AF02B6FD-C46F-465B-9948-5619E0D6EEA8}.Debug|Any CPU.ActiveCfg = Debug|Any CPU
		{AF02B6FD-C46F-465B-9948-5619E0D6EEA8}.Debug|Any CPU.Build.0 = Debug|Any CPU
		{AF02B6FD-C46F-465B-9948-5619E0D6EEA8}.Release|Any CPU.ActiveCfg = Release|Any CPU
		{AF02B6FD-C46F-465B-9948-5619E0D6EEA8}.Release|Any CPU.Build.0 = Release|Any CPU
		{AF02B6FD-C46F-465B-9948-5619E0D6EEA8}.Unity|Any CPU.ActiveCfg = Release|Any CPU
		{AF02B6FD-C46F-465B-9948-5619E0D6EEA8}.Unity|Any CPU.Build.0 = Release|Any CPU
	EndGlobalSection
	GlobalSection(SolutionProperties) = preSolution
		HideSolutionNode = FALSE
	EndGlobalSection
	GlobalSection(NestedProjects) = preSolution
		{66962B63-4E99-4397-A212-3211F0D4182B} = {AD0181EA-A8E8-4C92-B2E0-D10D1D31D6C9}
		{A063AB76-548D-4DC4-A046-9D4345594C1D} = {AD0181EA-A8E8-4C92-B2E0-D10D1D31D6C9}
		{AF02B6FD-C46F-465B-9948-5619E0D6EEA8} = {2C728ABF-CAB8-4D53-A1AF-BD445184F8BB}
	EndGlobalSection
	GlobalSection(ExtensibilityGlobals) = postSolution
		SolutionGuid = {FAEF15C3-F808-45A7-B91F-D175AC51DD15}
	EndGlobalSection
EndGlobal
